
Microsoft Visual Studio Solution File, Format Version 12.00
# Visual Studio Version 16
VisualStudioVersion = 16.0.31205.134
MinimumVisualStudioVersion = 10.0.40219.1
Project("{FAE04EC0-301F-11D3-BF4B-00C04F79EFBC}") = "Lab_homewrok", "Lab_homewrok\Lab_homewrok.csproj", "{AE634A05-43DB-4032-9764-F3889E49E787}"
EndProject
Global
	GlobalSection(SolutionConfigurationPlatforms) = preSolution
		Debug|Any CPU = Debug|Any CPU
		Release|Any CPU = Release|Any CPU
	EndGlobalSection
	GlobalSection(ProjectConfigurationPlatforms) = postSolution
		{AE634A05-43DB-4032-9764-F3889E49E787}.Debug|Any CPU.ActiveCfg = Debug|Any CPU
		{AE634A05-43DB-4032-9764-F3889E49E787}.Debug|Any CPU.Build.0 = Debug|Any CPU
		{AE634A05-43DB-4032-9764-F3889E49E787}.Release|Any CPU.ActiveCfg = Release|Any CPU
		{AE634A05-43DB-4032-9764-F3889E49E787}.Release|Any CPU.Build.0 = Release|Any CPU
	EndGlobalSection
	GlobalSection(SolutionProperties) = preSolution
		HideSolutionNode = FALSE
	EndGlobalSection
	GlobalSection(ExtensibilityGlobals) = postSolution
		SolutionGuid = {CD98FB62-ED7B-4047-96E9-7B829CF261DD}
	EndGlobalSection
EndGlobal
